
Microsoft Visual Studio Solution File, Format Version 12.00
# Visual Studio Version 17
VisualStudioVersion = 17.0.32112.339
MinimumVisualStudioVersion = 10.0.40219.1
Project("{8BC9CEB8-8B4A-11D0-8D11-00A0C91BC942}") = "text-files", "text-files.vcxproj", "{7289CA73-49E4-4751-9033-999718742FFD}"
EndProject
Global
	GlobalSection(SolutionConfigurationPlatforms) = preSolution
		Debug|x64 = Debug|x64
		Debug|x86 = Debug|x86
		Release|x64 = Release|x64
		Release|x86 = Release|x86
	EndGlobalSection
	GlobalSection(ProjectConfigurationPlatforms) = postSolution
		{7289CA73-49E4-4751-9033-999718742FFD}.Debug|x64.ActiveCfg = Debug|x64
		{7289CA73-49E4-4751-9033-999718742FFD}.Debug|x64.Build.0 = Debug|x64
		{7289CA73-49E4-4751-9033-999718742FFD}.Debug|x86.ActiveCfg = Debug|Win32
		{7289CA73-49E4-4751-9033-999718742FFD}.Debug|x86.Build.0 = Debug|Win32
		{7289CA73-49E4-4751-9033-999718742FFD}.Release|x64.ActiveCfg = Release|x64
		{7289CA73-49E4-4751-9033-999718742FFD}.Release|x64.Build.0 = Release|x64
		{7289CA73-49E4-4751-9033-999718742FFD}.Release|x86.ActiveCfg = Release|Win32
		{7289CA73-49E4-4751-9033-999718742FFD}.Release|x86.Build.0 = Release|Win32
	EndGlobalSection
	GlobalSection(SolutionProperties) = preSolution
		HideSolutionNode = FALSE
	EndGlobalSection
	GlobalSection(ExtensibilityGlobals) = postSolution
		SolutionGuid = {EA9625B8-CD86-446D-B1B5-C3F6D22B3F95}
	EndGlobalSection
EndGlobal
